Microsoft Visual Studio Solution File, Format Version 12.00
# Visual Studio Version 17
VisualStudioVersion = 17.5.2.0
MinimumVisualStudioVersion = 10.0.40219.1
Project("{FAE04EC0-301F-11D3-BF4B-00C04F79EFBC}") = "QuantConnect.DataSource", "QuantConnect.DataSource.csproj", "{367AEEDC-F0B3-7F47-539D-10E5EC242C2A}"
EndProject
Project("{FAE04EC0-301F-11D3-BF4B-00C04F79EFBC}") = "DataProcessing", "DataProcessing\DataProcessing.csproj", "{4B379C8F-16CE-1972-73E3-C14F6410D428}"
EndProject
Project("{FAE04EC0-301F-11D3-BF4B-00C04F79EFBC}") = "Tests", "tests\Tests.csproj", "{9CF47860-2CEA-F379-09D8-9AEF27965D12}"
EndProject
Global
	GlobalSection(SolutionConfigurationPlatforms) = preSolution
		Debug|Any CPU = Debug|Any CPU
		Release|Any CPU = Release|Any CPU
	EndGlobalSection
	GlobalSection(ProjectConfigurationPlatforms) = postSolution
		{367AEEDC-F0B3-7F47-539D-10E5EC242C2A}.Debug|Any CPU.ActiveCfg = Debug|Any CPU
		{367AEEDC-F0B3-7F47-539D-10E5EC242C2A}.Debug|Any CPU.Build.0 = Debug|Any CPU
		{367AEEDC-F0B3-7F47-539D-10E5EC242C2A}.Release|Any CPU.ActiveCfg = Release|Any CPU
		{367AEEDC-F0B3-7F47-539D-10E5EC242C2A}.Release|Any CPU.Build.0 = Release|Any CPU
		{4B379C8F-16CE-1972-73E3-C14F6410D428}.Debug|Any CPU.ActiveCfg = Debug|Any CPU
		{4B379C8F-16CE-1972-73E3-C14F6410D428}.Debug|Any CPU.Build.0 = Debug|Any CPU
		{4B379C8F-16CE-1972-73E3-C14F6410D428}.Release|Any CPU.ActiveCfg = Release|Any CPU
		{4B379C8F-16CE-1972-73E3-C14F6410D428}.Release|Any CPU.Build.0 = Release|Any CPU
		{9CF47860-2CEA-F379-09D8-9AEF27965D12}.Debug|Any CPU.ActiveCfg = Debug|Any CPU
		{9CF47860-2CEA-F379-09D8-9AEF27965D12}.Debug|Any CPU.Build.0 = Debug|Any CPU
		{9CF47860-2CEA-F379-09D8-9AEF27965D12}.Release|Any CPU.ActiveCfg = Release|Any CPU
		{9CF47860-2CEA-F379-09D8-9AEF27965D12}.Release|Any CPU.Build.0 = Release|Any CPU
	EndGlobalSection
	GlobalSection(SolutionProperties) = preSolution
		HideSolutionNode = FALSE
	EndGlobalSection
	GlobalSection(ExtensibilityGlobals) = postSolution
		SolutionGuid = {CE272A88-90FF-4452-B402-D3AD0D08FB15}
	EndGlobalSection
EndGlobal
